{
  "pins" : [
    {
      "identity" : "kingfisher",
      "kind" : "remoteSourceControl",
      "location" : "https://github.com/onevcat/Kingfisher",
      "state" : {
        "revision" : "b6f62758f21a8c03cd64f4009c037cfa580a256e",
        "version" : "7.9.1"
      }
    },
    {
      "identity" : "urlqueryitemencoder",
      "kind" : "remoteSourceControl",
      "location" : "https://github.com/pitiphong-p/URLQueryItemEncoder",
      "state" : {
        "revision" : "6408d34ae39c278c83eb4df5b6735f59fb8ae3b9",
        "version" : "0.2.4"
      }
    }
  ],
  "version" : 2
}
