// !$*UTF8*$!
{
	archiveVersion = 1;
	classes = {
	};
	objectVersion = 56;
	objects = {

/* Begin PBXBuildFile section */
		414531AE2AA78E32006CE364 /* DemoSwiftUIApp.swift in Sources */ = {isa = PBXBuildFile; fileRef = 414531AD2AA78E32006CE364 /* DemoSwiftUIApp.swift */; };
		414531B02AA78E32006CE364 /* ContentView.swift in Sources */ = {isa = PBXBuildFile; fileRef = 414531AF2AA78E32006CE364 /* ContentView.swift */; };
		414531B22AA78E33006CE364 /* Assets.xcassets in Resources */ = {isa = PBXBuildFile; fileRef = 414531B12AA78E33006CE364 /* Assets.xcassets */; };
		414531B52AA78E33006CE364 /* Preview Assets.xcassets in Resources */ = {isa = PBXBuildFile; fileRef = 414531B42AA78E33006CE364 /* Preview Assets.xcassets */; };
		414531B72AA78E33006CE364 /* Persistence.swift in Sources */ = {isa = PBXBuildFile; fileRef = 414531B62AA78E33006CE364 /* Persistence.swift */; };
		414531BA2AA78E33006CE364 /* DemoSwiftUI.xcdatamodeld in Sources */ = {isa = PBXBuildFile; fileRef = 414531B82AA78E33006CE364 /* DemoSwiftUI.xcdatamodeld */; };
		414531C42AA78E34006CE364 /* DemoSwiftUITests.swift in Sources */ = {isa = PBXBuildFile; fileRef = 414531C32AA78E34006CE364 /* DemoSwiftUITests.swift */; };
		414531CE2AA78E34006CE364 /* DemoSwiftUIUITests.swift in Sources */ = {isa = PBXBuildFile; fileRef = 414531CD2AA78E34006CE364 /* DemoSwiftUIUITests.swift */; };
		414531D02AA78E34006CE364 /* DemoSwiftUIUITestsLaunchTests.swift in Sources */ = {isa = PBXBuildFile; fileRef = 414531CF2AA78E34006CE364 /* DemoSwiftUIUITestsLaunchTests.swift */; };
		414531E32AA78FD9006CE364 /* NetworkCaller.swift in Sources */ = {isa = PBXBuildFile; fileRef = 414531E22AA78FD9006CE364 /* NetworkCaller.swift */; };
		414531E52AA79013006CE364 /* APIError.swift in Sources */ = {isa = PBXBuildFile; fileRef = 414531E42AA79013006CE364 /* APIError.swift */; };
		414531E92AA79121006CE364 /* Data+Extension.swift in Sources */ = {isa = PBXBuildFile; fileRef = 414531E82AA79121006CE364 /* Data+Extension.swift */; };
		414531EB2AA791EB006CE364 /* EndpointProtocol.swift in Sources */ = {isa = PBXBuildFile; fileRef = 414531EA2AA791EB006CE364 /* EndpointProtocol.swift */; };
		414531ED2AA7924B006CE364 /* HTTPMethod.swift in Sources */ = {isa = PBXBuildFile; fileRef = 414531EC2AA7924B006CE364 /* HTTPMethod.swift */; };
		414531F02AA794A6006CE364 /* PhotosScreen.swift in Sources */ = {isa = PBXBuildFile; fileRef = 414531EF2AA794A6006CE364 /* PhotosScreen.swift */; };
		414531F22AA794C7006CE364 /* PhotosViewModel.swift in Sources */ = {isa = PBXBuildFile; fileRef = 414531F12AA794C7006CE364 /* PhotosViewModel.swift */; };
		414531F62AA795B8006CE364 /* PhotosResponse.swift in Sources */ = {isa = PBXBuildFile; fileRef = 414531F52AA795B8006CE364 /* PhotosResponse.swift */; };
		414531F92AA795F2006CE364 /* PaginationQuery.swift in Sources */ = {isa = PBXBuildFile; fileRef = 414531F82AA795F2006CE364 /* PaginationQuery.swift */; };
		414531FB2AA79645006CE364 /* Encodable+Extension.swift in Sources */ = {isa = PBXBuildFile; fileRef = 414531FA2AA79645006CE364 /* Encodable+Extension.swift */; };
		414531FE2AA79703006CE364 /* URLQueryItemEncoder in Frameworks */ = {isa = PBXBuildFile; productRef = 414531FD2AA79703006CE364 /* URLQueryItemEncoder */; };
		414532002AA79760006CE364 /* Optional+Extension.swift in Sources */ = {isa = PBXBuildFile; fileRef = 414531FF2AA79760006CE364 /* Optional+Extension.swift */; };
		414532032AA79791006CE364 /* PhotosService.swift in Sources */ = {isa = PBXBuildFile; fileRef = 414532022AA79791006CE364 /* PhotosService.swift */; };
		414532062AA7996A006CE364 /* TypeAlise.swift in Sources */ = {isa = PBXBuildFile; fileRef = 414532052AA7996A006CE364 /* TypeAlise.swift */; };
		414532082AA799D4006CE364 /* PhotosServiceNetwork.swift in Sources */ = {isa = PBXBuildFile; fileRef = 414532072AA799D4006CE364 /* PhotosServiceNetwork.swift */; };
/* End PBXBuildFile section */

/* Begin PBXContainerItemProxy section */
		414531C02AA78E34006CE364 /* PBXContainerItemProxy */ = {
			isa = PBXContainerItemProxy;
			containerPortal = 414531A22AA78E32006CE364 /* Project object */;
			proxyType = 1;
			remoteGlobalIDString = 414531A92AA78E32006CE364;
			remoteInfo = DemoSwiftUI;
		};
		414531CA2AA78E34006CE364 /* PBXContainerItemProxy */ = {
			isa = PBXContainerItemProxy;
			containerPortal = 414531A22AA78E32006CE364 /* Project object */;
			proxyType = 1;
			remoteGlobalIDString = 414531A92AA78E32006CE364;
			remoteInfo = DemoSwiftUI;
		};
/* End PBXContainerItemProxy section */

/* Begin PBXFileReference section */
		414531AA2AA78E32006CE364 /* DemoSwiftUI.app */ = {isa = PBXFileReference; explicitFileType = wrapper.application; includeInIndex = 0; path = DemoSwiftUI.app; sourceTree = BUILT_PRODUCTS_DIR; };
		414531AD2AA78E32006CE364 /* DemoSwiftUIApp.swift */ = {isa = PBXFileReference; lastKnownFileType = sourcecode.swift; path = DemoSwiftUIApp.swift; sourceTree = "<group>"; };
		414531AF2AA78E32006CE364 /* ContentView.swift */ = {isa = PBXFileReference; lastKnownFileType = sourcecode.swift; path = ContentView.swift; sourceTree = "<group>"; };
		414531B12AA78E33006CE364 /* Assets.xcassets */ = {isa = PBXFileReference; lastKnownFileType = folder.assetcatalog; path = Assets.xcassets; sourceTree = "<group>"; };
		414531B42AA78E33006CE364 /* Preview Assets.xcassets */ = {isa = PBXFileReference; lastKnownFileType = folder.assetcatalog; path = "Preview Assets.xcassets"; sourceTree = "<group>"; };
		414531B62AA78E33006CE364 /* Persistence.swift */ = {isa = PBXFileReference; lastKnownFileType = sourcecode.swift; path = Persistence.swift; sourceTree = "<group>"; };
		414531B92AA78E33006CE364 /* DemoSwiftUI.xcdatamodel */ = {isa = PBXFileReference; lastKnownFileType = wrapper.xcdatamodel; path = DemoSwiftUI.xcdatamodel; sourceTree = "<group>"; };
		414531BF2AA78E34006CE364 /* DemoSwiftUITests.xctest */ = {isa = PBXFileReference; explicitFileType = wrapper.cfbundle; includeInIndex = 0; path = DemoSwiftUITests.xctest; sourceTree = BUILT_PRODUCTS_DIR; };
		414531C32AA78E34006CE364 /* DemoSwiftUITests.swift */ = {isa = PBXFileReference; lastKnownFileType = sourcecode.swift; path = DemoSwiftUITests.swift; sourceTree = "<group>"; };
		414531C92AA78E34006CE364 /* DemoSwiftUIUITests.xctest */ = {isa = PBXFileReference; explicitFileType = wrapper.cfbundle; includeInIndex = 0; path = DemoSwiftUIUITests.xctest; sourceTree = BUILT_PRODUCTS_DIR; };
		414531CD2AA78E34006CE364 /* DemoSwiftUIUITests.swift */ = {isa = PBXFileReference; lastKnownFileType = sourcecode.swift; path = DemoSwiftUIUITests.swift; sourceTree = "<group>"; };
		414531CF2AA78E34006CE364 /* DemoSwiftUIUITestsLaunchTests.swift */ = {isa = PBXFileReference; lastKnownFileType = sourcecode.swift; path = DemoSwiftUIUITestsLaunchTests.swift; sourceTree = "<group>"; };
		414531E22AA78FD9006CE364 /* NetworkCaller.swift */ = {isa = PBXFileReference; lastKnownFileType = sourcecode.swift; path = NetworkCaller.swift; sourceTree = "<group>"; };
		414531E42AA79013006CE364 /* APIError.swift */ = {isa = PBXFileReference; lastKnownFileType = sourcecode.swift; path = APIError.swift; sourceTree = "<group>"; };
		414531E82AA79121006CE364 /* Data+Extension.swift */ = {isa = PBXFileReference; lastKnownFileType = sourcecode.swift; path = "Data+Extension.swift"; sourceTree = "<group>"; };
		414531EA2AA791EB006CE364 /* EndpointProtocol.swift */ = {isa = PBXFileReference; lastKnownFileType = sourcecode.swift; path = EndpointProtocol.swift; sourceTree = "<group>"; };
		414531EC2AA7924B006CE364 /* HTTPMethod.swift */ = {isa = PBXFileReference; lastKnownFileType = sourcecode.swift; path = HTTPMethod.swift; sourceTree = "<group>"; };
		414531EF2AA794A6006CE364 /* PhotosScreen.swift */ = {isa = PBXFileReference; lastKnownFileType = sourcecode.swift; path = PhotosScreen.swift; sourceTree = "<group>"; };
		414531F12AA794C7006CE364 /* PhotosViewModel.swift */ = {isa = PBXFileReference; lastKnownFileType = sourcecode.swift; path = PhotosViewModel.swift; sourceTree = "<group>"; };
		414531F52AA795B8006CE364 /* PhotosResponse.swift */ = {isa = PBXFileReference; lastKnownFileType = sourcecode.swift; path = PhotosResponse.swift; sourceTree = "<group>"; };
		414531F82AA795F2006CE364 /* PaginationQuery.swift */ = {isa = PBXFileReference; lastKnownFileType = sourcecode.swift; path = PaginationQuery.swift; sourceTree = "<group>"; };
		414531FA2AA79645006CE364 /* Encodable+Extension.swift */ = {isa = PBXFileReference; lastKnownFileType = sourcecode.swift; path = "Encodable+Extension.swift"; sourceTree = "<group>"; };
		414531FF2AA79760006CE364 /* Optional+Extension.swift */ = {isa = PBXFileReference; lastKnownFileType = sourcecode.swift; path = "Optional+Extension.swift"; sourceTree = "<group>"; };
		414532022AA79791006CE364 /* PhotosService.swift */ = {isa = PBXFileReference; lastKnownFileType = sourcecode.swift; path = PhotosService.swift; sourceTree = "<group>"; };
		414532052AA7996A006CE364 /* TypeAlise.swift */ = {isa = PBXFileReference; lastKnownFileType = sourcecode.swift; path = TypeAlise.swift; sourceTree = "<group>"; };
		414532072AA799D4006CE364 /* PhotosServiceNetwork.swift */ = {isa = PBXFileReference; lastKnownFileType = sourcecode.swift; path = PhotosServiceNetwork.swift; sourceTree = "<group>"; };
/* End PBXFileReference section */

/* Begin PBXFrameworksBuildPhase section */
		414531A72AA78E32006CE364 /* Frameworks */ = {
			isa = PBXFrameworksBuildPhase;
			buildActionMask = 2147483647;
			files = (
				414531FE2AA79703006CE364 /* URLQueryItemEncoder in Frameworks */,
			);
			runOnlyForDeploymentPostprocessing = 0;
		};
		414531BC2AA78E34006CE364 /* Frameworks */ = {
			isa = PBXFrameworksBuildPhase;
			buildActionMask = 2147483647;
			files = (
			);
			runOnlyForDeploymentPostprocessing = 0;
		};
		414531C62AA78E34006CE364 /* Frameworks */ = {
			isa = PBXFrameworksBuildPhase;
			buildActionMask = 2147483647;
			files = (
			);
			runOnlyForDeploymentPostprocessing = 0;
		};
/* End PBXFrameworksBuildPhase section */

/* Begin PBXGroup section */
		414531A12AA78E32006CE364 = {
			isa = PBXGroup;
			children = (
				414531AC2AA78E32006CE364 /* DemoSwiftUI */,
				414531C22AA78E34006CE364 /* DemoSwiftUITests */,
				414531CC2AA78E34006CE364 /* DemoSwiftUIUITests */,
				414531AB2AA78E32006CE364 /* Products */,
			);
			sourceTree = "<group>";
		};
		414531AB2AA78E32006CE364 /* Products */ = {
			isa = PBXGroup;
			children = (
				414531AA2AA78E32006CE364 /* DemoSwiftUI.app */,
				414531BF2AA78E34006CE364 /* DemoSwiftUITests.xctest */,
				414531C92AA78E34006CE364 /* DemoSwiftUIUITests.xctest */,
			);
			name = Products;
			sourceTree = "<group>";
		};
		414531AC2AA78E32006CE364 /* DemoSwiftUI */ = {
			isa = PBXGroup;
			children = (
				414531DC2AA78E41006CE364 /* App */,
				414531E12AA78FBD006CE364 /* Network */,
				414531E62AA79100006CE364 /* Utilities */,
				414531E02AA78F33006CE364 /* Persistence */,
				414532012AA79773006CE364 /* Service */,
				414531F32AA7954B006CE364 /* Model */,
				414531DE2AA78F04006CE364 /* Screen */,
				414531DF2AA78F17006CE364 /* Assets */,
				414531B82AA78E33006CE364 /* DemoSwiftUI.xcdatamodeld */,
				414531B32AA78E33006CE364 /* Preview Content */,
			);
			path = DemoSwiftUI;
			sourceTree = "<group>";
		};
		414531B32AA78E33006CE364 /* Preview Content */ = {
			isa = PBXGroup;
			children = (
				414531B42AA78E33006CE364 /* Preview Assets.xcassets */,
			);
			path = "Preview Content";
			sourceTree = "<group>";
		};
		414531C22AA78E34006CE364 /* DemoSwiftUITests */ = {
			isa = PBXGroup;
			children = (
				414531C32AA78E34006CE364 /* DemoSwiftUITests.swift */,
			);
			path = DemoSwiftUITests;
			sourceTree = "<group>";
		};
		414531CC2AA78E34006CE364 /* DemoSwiftUIUITests */ = {
			isa = PBXGroup;
			children = (
				414531CD2AA78E34006CE364 /* DemoSwiftUIUITests.swift */,
				414531CF2AA78E34006CE364 /* DemoSwiftUIUITestsLaunchTests.swift */,
			);
			path = DemoSwiftUIUITests;
			sourceTree = "<group>";
		};
		414531DC2AA78E41006CE364 /* App */ = {
			isa = PBXGroup;
			children = (
				414531AD2AA78E32006CE364 /* DemoSwiftUIApp.swift */,
			);
			path = App;
			sourceTree = "<group>";
		};
		414531DE2AA78F04006CE364 /* Screen */ = {
			isa = PBXGroup;
			children = (
				414531EE2AA79481006CE364 /* Photos */,
				414531AF2AA78E32006CE364 /* ContentView.swift */,
			);
			path = Screen;
			sourceTree = "<group>";
		};
		414531DF2AA78F17006CE364 /* Assets */ = {
			isa = PBXGroup;
			children = (
				414531B12AA78E33006CE364 /* Assets.xcassets */,
			);
			path = Assets;
			sourceTree = "<group>";
		};
		414531E02AA78F33006CE364 /* Persistence */ = {
			isa = PBXGroup;
			children = (
				414531B62AA78E33006CE364 /* Persistence.swift */,
			);
			path = Persistence;
			sourceTree = "<group>";
		};
		414531E12AA78FBD006CE364 /* Network */ = {
			isa = PBXGroup;
			children = (
				414531E22AA78FD9006CE364 /* NetworkCaller.swift */,
				414531E42AA79013006CE364 /* APIError.swift */,
				414531EA2AA791EB006CE364 /* EndpointProtocol.swift */,
				414531EC2AA7924B006CE364 /* HTTPMethod.swift */,
			);
			path = Network;
			sourceTree = "<group>";
		};
		414531E62AA79100006CE364 /* Utilities */ = {
			isa = PBXGroup;
			children = (
				414532052AA7996A006CE364 /* TypeAlise.swift */,
				414531E72AA7910E006CE364 /* Extensions */,
			);
			path = Utilities;
			sourceTree = "<group>";
		};
		414531E72AA7910E006CE364 /* Extensions */ = {
			isa = PBXGroup;
			children = (
				414531E82AA79121006CE364 /* Data+Extension.swift */,
				414531FA2AA79645006CE364 /* Encodable+Extension.swift */,
				414531FF2AA79760006CE364 /* Optional+Extension.swift */,
			);
			path = Extensions;
			sourceTree = "<group>";
		};
		414531EE2AA79481006CE364 /* Photos */ = {
			isa = PBXGroup;
			children = (
				414531EF2AA794A6006CE364 /* PhotosScreen.swift */,
				414531F12AA794C7006CE364 /* PhotosViewModel.swift */,
			);
			path = Photos;
			sourceTree = "<group>";
		};
		414531F32AA7954B006CE364 /* Model */ = {
			isa = PBXGroup;
			children = (
				414531F72AA795CD006CE364 /* Query */,
				414531F42AA795AB006CE364 /* Response */,
			);
			path = Model;
			sourceTree = "<group>";
		};
		414531F42AA795AB006CE364 /* Response */ = {
			isa = PBXGroup;
			children = (
				414531F52AA795B8006CE364 /* PhotosResponse.swift */,
			);
			path = Response;
			sourceTree = "<group>";
		};
		414531F72AA795CD006CE364 /* Query */ = {
			isa = PBXGroup;
			children = (
				414531F82AA795F2006CE364 /* PaginationQuery.swift */,
			);
			path = Query;
			sourceTree = "<group>";
		};
		414532012AA79773006CE364 /* Service */ = {
			isa = PBXGroup;
			children = (
				414532042AA79949006CE364 /* PhotosService */,
			);
			path = Service;
			sourceTree = "<group>";
		};
		414532042AA79949006CE364 /* PhotosService */ = {
			isa = PBXGroup;
			children = (
				414532022AA79791006CE364 /* PhotosService.swift */,
				414532072AA799D4006CE364 /* PhotosServiceNetwork.swift */,
			);
			path = PhotosService;
			sourceTree = "<group>";
		};
/* End PBXGroup section */

/* Begin PBXNativeTarget section */
		414531A92AA78E32006CE364 /* DemoSwiftUI */ = {
			isa = PBXNativeTarget;
			buildConfigurationList = 414531D32AA78E34006CE364 /* Build configuration list for PBXNativeTarget "DemoSwiftUI" */;
			buildPhases = (
				414531A62AA78E32006CE364 /* Sources */,
				414531A72AA78E32006CE364 /* Frameworks */,
				414531A82AA78E32006CE364 /* Resources */,
			);
			buildRules = (
			);
			dependencies = (
			);
			name = DemoSwiftUI;
			packageProductDependencies = (
				414531FD2AA79703006CE364 /* URLQueryItemEncoder */,
			);
			productName = DemoSwiftUI;
			productReference = 414531AA2AA78E32006CE364 /* DemoSwiftUI.app */;
			productType = "com.apple.product-type.application";
		};
		414531BE2AA78E34006CE364 /* DemoSwiftUITests */ = {
			isa = PBXNativeTarget;
			buildConfigurationList = 414531D62AA78E34006CE364 /* Build configuration list for PBXNativeTarget "DemoSwiftUITests" */;
			buildPhases = (
				414531BB2AA78E34006CE364 /* Sources */,
				414531BC2AA78E34006CE364 /* Frameworks */,
				414531BD2AA78E34006CE364 /* Resources */,
			);
			buildRules = (
			);
			dependencies = (
				414531C12AA78E34006CE364 /* PBXTargetDependency */,
			);
			name = DemoSwiftUITests;
			productName = DemoSwiftUITests;
			productReference = 414531BF2AA78E34006CE364 /* DemoSwiftUITests.xctest */;
			productType = "com.apple.product-type.bundle.unit-test";
		};
		414531C82AA78E34006CE364 /* DemoSwiftUIUITests */ = {
			isa = PBXNativeTarget;
			buildConfigurationList = 414531D92AA78E34006CE364 /* Build configuration list for PBXNativeTarget "DemoSwiftUIUITests" */;
			buildPhases = (
				414531C52AA78E34006CE364 /* Sources */,
				414531C62AA78E34006CE364 /* Frameworks */,
				414531C72AA78E34006CE364 /* Resources */,
			);
			buildRules = (
			);
			dependencies = (
				414531CB2AA78E34006CE364 /* PBXTargetDependency */,
			);
			name = DemoSwiftUIUITests;
			productName = DemoSwiftUIUITests;
			productReference = 414531C92AA78E34006CE364 /* DemoSwiftUIUITests.xctest */;
			productType = "com.apple.product-type.bundle.ui-testing";
		};
/* End PBXNativeTarget section */

/* Begin PBXProject section */
		414531A22AA78E32006CE364 /* Project object */ = {
			isa = PBXProject;
			attributes = {
				BuildIndependentTargetsInParallel = 1;
				LastSwiftUpdateCheck = 1430;
				LastUpgradeCheck = 1430;
				TargetAttributes = {
					414531A92AA78E32006CE364 = {
						CreatedOnToolsVersion = 14.3.1;
					};
					414531BE2AA78E34006CE364 = {
						CreatedOnToolsVersion = 14.3.1;
						TestTargetID = 414531A92AA78E32006CE364;
					};
					414531C82AA78E34006CE364 = {
						CreatedOnToolsVersion = 14.3.1;
						TestTargetID = 414531A92AA78E32006CE364;
					};
				};
			};
			buildConfigurationList = 414531A52AA78E32006CE364 /* Build configuration list for PBXProject "DemoSwiftUI" */;
			compatibilityVersion = "Xcode 14.0";
			developmentRegion = en;
			hasScannedForEncodings = 0;
			knownRegions = (
				en,
				Base,
			);
			mainGroup = 414531A12AA78E32006CE364;
			packageReferences = (
				414531FC2AA79703006CE364 /* XCRemoteSwiftPackageReference "URLQueryItemEncoder" */,
			);
			productRefGroup = 414531AB2AA78E32006CE364 /* Products */;
			projectDirPath = "";
			projectRoot = "";
			targets = (
				414531A92AA78E32006CE364 /* DemoSwiftUI */,
				414531BE2AA78E34006CE364 /* DemoSwiftUITests */,
				414531C82AA78E34006CE364 /* DemoSwiftUIUITests */,
			);
		};
/* End PBXProject section */

/* Begin PBXResourcesBuildPhase section */
		414531A82AA78E32006CE364 /* Resources */ = {
			isa = PBXResourcesBuildPhase;
			buildActionMask = 2147483647;
			files = (
				414531B52AA78E33006CE364 /* Preview Assets.xcassets in Resources */,
				414531B22AA78E33006CE364 /* Assets.xcassets in Resources */,
			);
			runOnlyForDeploymentPostprocessing = 0;
		};
		414531BD2AA78E34006CE364 /* Resources */ = {
			isa = PBXResourcesBuildPhase;
			buildActionMask = 2147483647;
			files = (
			);
			runOnlyForDeploymentPostprocessing = 0;
		};
		414531C72AA78E34006CE364 /* Resources */ = {
			isa = PBXResourcesBuildPhase;
			buildActionMask = 2147483647;
			files = (
			);
			runOnlyForDeploymentPostprocessing = 0;
		};
/* End PBXResourcesBuildPhase section */

/* Begin PBXSourcesBuildPhase section */
		414531A62AA78E32006CE364 /* Sources */ = {
			isa = PBXSourcesBuildPhase;
			buildActionMask = 2147483647;
			files = (
				414531BA2AA78E33006CE364 /* DemoSwiftUI.xcdatamodeld in Sources */,
				414531E92AA79121006CE364 /* Data+Extension.swift in Sources */,
				414531F22AA794C7006CE364 /* PhotosViewModel.swift in Sources */,
				414531FB2AA79645006CE364 /* Encodable+Extension.swift in Sources */,
				414531F62AA795B8006CE364 /* PhotosResponse.swift in Sources */,
				414532062AA7996A006CE364 /* TypeAlise.swift in Sources */,
				414531F02AA794A6006CE364 /* PhotosScreen.swift in Sources */,
				414531B72AA78E33006CE364 /* Persistence.swift in Sources */,
				414532002AA79760006CE364 /* Optional+Extension.swift in Sources */,
				414532032AA79791006CE364 /* PhotosService.swift in Sources */,
				414531E32AA78FD9006CE364 /* NetworkCaller.swift in Sources */,
				414531EB2AA791EB006CE364 /* EndpointProtocol.swift in Sources */,
				414531ED2AA7924B006CE364 /* HTTPMethod.swift in Sources */,
				414531B02AA78E32006CE364 /* ContentView.swift in Sources */,
				414531F92AA795F2006CE364 /* PaginationQuery.swift in Sources */,
				414532082AA799D4006CE364 /* PhotosServiceNetwork.swift in Sources */,
				414531AE2AA78E32006CE364 /* DemoSwiftUIApp.swift in Sources */,
				414531E52AA79013006CE364 /* APIError.swift in Sources */,
			);
			runOnlyForDeploymentPostprocessing = 0;
		};
		414531BB2AA78E34006CE364 /* Sources */ = {
			isa = PBXSourcesBuildPhase;
			buildActionMask = 2147483647;
			files = (
				414531C42AA78E34006CE364 /* DemoSwiftUITests.swift in Sources */,
			);
			runOnlyForDeploymentPostprocessing = 0;
		};
		414531C52AA78E34006CE364 /* Sources */ = {
			isa = PBXSourcesBuildPhase;
			buildActionMask = 2147483647;
			files = (
				414531CE2AA78E34006CE364 /* DemoSwiftUIUITests.swift in Sources */,
				414531D02AA78E34006CE364 /* DemoSwiftUIUITestsLaunchTests.swift in Sources */,
			);
			runOnlyForDeploymentPostprocessing = 0;
		};
/* End PBXSourcesBuildPhase section */

/* Begin PBXTargetDependency section */
		414531C12AA78E34006CE364 /* PBXTargetDependency */ = {
			isa = PBXTargetDependency;
			target = 414531A92AA78E32006CE364 /* DemoSwiftUI */;
			targetProxy = 414531C02AA78E34006CE364 /* PBXContainerItemProxy */;
		};
		414531CB2AA78E34006CE364 /* PBXTargetDependency */ = {
			isa = PBXTargetDependency;
			target = 414531A92AA78E32006CE364 /* DemoSwiftUI */;
			targetProxy = 414531CA2AA78E34006CE364 /* PBXContainerItemProxy */;
		};
/* End PBXTargetDependency section */

/* Begin XCBuildConfiguration section */
		414531D12AA78E34006CE364 /* Debug */ = {
			isa = XCBuildConfiguration;
			buildSettings = {
				ALWAYS_SEARCH_USER_PATHS = NO;
				CLANG_ANALYZER_NONNULL = YES;
				CLANG_ANALYZER_NUMBER_OBJECT_CONVERSION = YES_AGGRESSIVE;
				CLANG_CXX_LANGUAGE_STANDARD = "gnu++20";
				CLANG_ENABLE_MODULES = YES;
				CLANG_ENABLE_OBJC_ARC = YES;
				CLANG_ENABLE_OBJC_WEAK = YES;
				CLANG_WARN_BLOCK_CAPTURE_AUTORELEASING = YES;
				CLANG_WARN_BOOL_CONVERSION = YES;
				CLANG_WARN_COMMA = YES;
				CLANG_WARN_CONSTANT_CONVERSION = YES;
				CLANG_WARN_DEPRECATED_OBJC_IMPLEMENTATIONS = YES;
				CLANG_WARN_DIRECT_OBJC_ISA_USAGE = YES_ERROR;
				CLANG_WARN_DOCUMENTATION_COMMENTS = YES;
				CLANG_WARN_EMPTY_BODY = YES;
				CLANG_WARN_ENUM_CONVERSION = YES;
				CLANG_WARN_INFINITE_RECURSION = YES;
				CLANG_WARN_INT_CONVERSION = YES;
				CLANG_WARN_NON_LITERAL_NULL_CONVERSION = YES;
				CLANG_WARN_OBJC_IMPLICIT_RETAIN_SELF = YES;
				CLANG_WARN_OBJC_LITERAL_CONVERSION = YES;
				CLANG_WARN_OBJC_ROOT_CLASS = YES_ERROR;
				CLANG_WARN_QUOTED_INCLUDE_IN_FRAMEWORK_HEADER = YES;
				CLANG_WARN_RANGE_LOOP_ANALYSIS = YES;
				CLANG_WARN_STRICT_PROTOTYPES = YES;
				CLANG_WARN_SUSPICIOUS_MOVE = YES;
				CLANG_WARN_UNGUARDED_AVAILABILITY = YES_AGGRESSIVE;
				CLANG_WARN_UNREACHABLE_CODE = YES;
				CLANG_WARN__DUPLICATE_METHOD_MATCH = YES;
				COPY_PHASE_STRIP = NO;
				DEBUG_INFORMATION_FORMAT = dwarf;
				ENABLE_STRICT_OBJC_MSGSEND = YES;
				ENABLE_TESTABILITY = YES;
				GCC_C_LANGUAGE_STANDARD = gnu11;
				GCC_DYNAMIC_NO_PIC = NO;
				GCC_NO_COMMON_BLOCKS = YES;
				GCC_OPTIMIZATION_LEVEL = 0;
				GCC_PREPROCESSOR_DEFINITIONS = (
					"DEBUG=1",
					"$(inherited)",
				);
				GCC_WARN_64_TO_32_BIT_CONVERSION = YES;
				GCC_WARN_ABOUT_RETURN_TYPE = YES_ERROR;
				GCC_WARN_UNDECLARED_SELECTOR = YES;
				GCC_WARN_UNINITIALIZED_AUTOS = YES_AGGRESSIVE;
				GCC_WARN_UNUSED_FUNCTION = YES;
				GCC_WARN_UNUSED_VARIABLE = YES;
				IPHONEOS_DEPLOYMENT_TARGET = 16.4;
				MTL_ENABLE_DEBUG_INFO = INCLUDE_SOURCE;
				MTL_FAST_MATH = YES;
				ONLY_ACTIVE_ARCH = YES;
				SDKROOT = iphoneos;
				SWIFT_ACTIVE_COMPILATION_CONDITIONS = DEBUG;
				SWIFT_OPTIMIZATION_LEVEL = "-Onone";
			};
			name = Debug;
		};
		414531D22AA78E34006CE364 /* Release */ = {
			isa = XCBuildConfiguration;
			buildSettings = {
				ALWAYS_SEARCH_USER_PATHS = NO;
				CLANG_ANALYZER_NONNULL = YES;
				CLANG_ANALYZER_NUMBER_OBJECT_CONVERSION = YES_AGGRESSIVE;
				CLANG_CXX_LANGUAGE_STANDARD = "gnu++20";
				CLANG_ENABLE_MODULES = YES;
				CLANG_ENABLE_OBJC_ARC = YES;
				CLANG_ENABLE_OBJC_WEAK = YES;
				CLANG_WARN_BLOCK_CAPTURE_AUTORELEASING = YES;
				CLANG_WARN_BOOL_CONVERSION = YES;
				CLANG_WARN_COMMA = YES;
				CLANG_WARN_CONSTANT_CONVERSION = YES;
				CLANG_WARN_DEPRECATED_OBJC_IMPLEMENTATIONS = YES;
				CLANG_WARN_DIRECT_OBJC_ISA_USAGE = YES_ERROR;
				CLANG_WARN_DOCUMENTATION_COMMENTS = YES;
				CLANG_WARN_EMPTY_BODY = YES;
				CLANG_WARN_ENUM_CONVERSION = YES;
				CLANG_WARN_INFINITE_RECURSION = YES;
				CLANG_WARN_INT_CONVERSION = YES;
				CLANG_WARN_NON_LITERAL_NULL_CONVERSION = YES;
				CLANG_WARN_OBJC_IMPLICIT_RETAIN_SELF = YES;
				CLANG_WARN_OBJC_LITERAL_CONVERSION = YES;
				CLANG_WARN_OBJC_ROOT_CLASS = YES_ERROR;
				CLANG_WARN_QUOTED_INCLUDE_IN_FRAMEWORK_HEADER = YES;
				CLANG_WARN_RANGE_LOOP_ANALYSIS = YES;
				CLANG_WARN_STRICT_PROTOTYPES = YES;
				CLANG_WARN_SUSPICIOUS_MOVE = YES;
				CLANG_WARN_UNGUARDED_AVAILABILITY = YES_AGGRESSIVE;
				CLANG_WARN_UNREACHABLE_CODE = YES;
				CLANG_WARN__DUPLICATE_METHOD_MATCH = YES;
				COPY_PHASE_STRIP = NO;
				DEBUG_INFORMATION_FORMAT = "dwarf-with-dsym";
				ENABLE_NS_ASSERTIONS = NO;
				ENABLE_STRICT_OBJC_MSGSEND = YES;
				GCC_C_LANGUAGE_STANDARD = gnu11;
				GCC_NO_COMMON_BLOCKS = YES;
				GCC_WARN_64_TO_32_BIT_CONVERSION = YES;
				GCC_WARN_ABOUT_RETURN_TYPE = YES_ERROR;
				GCC_WARN_UNDECLARED_SELECTOR = YES;
				GCC_WARN_UNINITIALIZED_AUTOS = YES_AGGRESSIVE;
				GCC_WARN_UNUSED_FUNCTION = YES;
				GCC_WARN_UNUSED_VARIABLE = YES;
				IPHONEOS_DEPLOYMENT_TARGET = 16.4;
				MTL_ENABLE_DEBUG_INFO = NO;
				MTL_FAST_MATH = YES;
				SDKROOT = iphoneos;
				SWIFT_COMPILATION_MODE = wholemodule;
				SWIFT_OPTIMIZATION_LEVEL = "-O";
				VALIDATE_PRODUCT = YES;
			};
			name = Release;
		};
		414531D42AA78E34006CE364 /* Debug */ = {
			isa = XCBuildConfiguration;
			buildSettings = {
				ASSETCATALOG_COMPILER_APPICON_NAME = AppIcon;
				ASSETCATALOG_COMPILER_GLOBAL_ACCENT_COLOR_NAME = AccentColor;
				CODE_SIGN_STYLE = Automatic;
				CURRENT_PROJECT_VERSION = 1;
				DEVELOPMENT_ASSET_PATHS = "\"DemoSwiftUI/Preview Content\"";
				DEVELOPMENT_TEAM = 63AR2LU87T;
				ENABLE_PREVIEWS = YES;
				GENERATE_INFOPLIST_FILE = YES;
				INFOPLIST_KEY_UIApplicationSceneManifest_Generation = YES;
				INFOPLIST_KEY_UIApplicationSupportsIndirectInputEvents = YES;
				INFOPLIST_KEY_UILaunchScreen_Generation = YES;
				INFOPLIST_KEY_UISupportedInterfaceOrientations_iPad = "UIInterfaceOrientationPortrait UIInterfaceOrientationPortraitUpsideDown UIInterfaceOrientationLandscapeLeft UIInterfaceOrientationLandscapeRight";
				INFOPLIST_KEY_UISupportedInterfaceOrientations_iPhone = "UIInterfaceOrientationPortrait UIInterfaceOrientationLandscapeLeft UIInterfaceOrientationLandscapeRight";
				LD_RUNPATH_SEARCH_PATHS = (
					"$(inherited)",
					"@executable_path/Frameworks",
				);
				MARKETING_VERSION = 1.0;
				PRODUCT_BUNDLE_IDENTIFIER = np.com.sthahemant1st.DemoSwiftUI;
				PRODUCT_NAME = "$(TARGET_NAME)";
				SWIFT_EMIT_LOC_STRINGS = YES;
				SWIFT_VERSION = 5.0;
				TARGETED_DEVICE_FAMILY = "1,2";
			};
			name = Debug;
		};
		414531D52AA78E34006CE364 /* Release */ = {
			isa = XCBuildConfiguration;
			buildSettings = {
				ASSETCATALOG_COMPILER_APPICON_NAME = AppIcon;
				ASSETCATALOG_COMPILER_GLOBAL_ACCENT_COLOR_NAME = AccentColor;
				CODE_SIGN_STYLE = Automatic;
				CURRENT_PROJECT_VERSION = 1;
				DEVELOPMENT_ASSET_PATHS = "\"DemoSwiftUI/Preview Content\"";
				DEVELOPMENT_TEAM = 63AR2LU87T;
				ENABLE_PREVIEWS = YES;
				GENERATE_INFOPLIST_FILE = YES;
				INFOPLIST_KEY_UIApplicationSceneManifest_Generation = YES;
				INFOPLIST_KEY_UIApplicationSupportsIndirectInputEvents = YES;
				INFOPLIST_KEY_UILaunchScreen_Generation = YES;
				INFOPLIST_KEY_UISupportedInterfaceOrientations_iPad = "UIInterfaceOrientationPortrait UIInterfaceOrientationPortraitUpsideDown UIInterfaceOrientationLandscapeLeft UIInterfaceOrientationLandscapeRight";
				INFOPLIST_KEY_UISupportedInterfaceOrientations_iPhone = "UIInterfaceOrientationPortrait UIInterfaceOrientationLandscapeLeft UIInterfaceOrientationLandscapeRight";
				LD_RUNPATH_SEARCH_PATHS = (
					"$(inherited)",
					"@executable_path/Frameworks",
				);
				MARKETING_VERSION = 1.0;
				PRODUCT_BUNDLE_IDENTIFIER = np.com.sthahemant1st.DemoSwiftUI;
				PRODUCT_NAME = "$(TARGET_NAME)";
				SWIFT_EMIT_LOC_STRINGS = YES;
				SWIFT_VERSION = 5.0;
				TARGETED_DEVICE_FAMILY = "1,2";
			};
			name = Release;
		};
		414531D72AA78E34006CE364 /* Debug */ = {
			isa = XCBuildConfiguration;
			buildSettings = {
				ALWAYS_EMBED_SWIFT_STANDARD_LIBRARIES = YES;
				BUNDLE_LOADER = "$(TEST_HOST)";
				CODE_SIGN_STYLE = Automatic;
				CURRENT_PROJECT_VERSION = 1;
				DEVELOPMENT_TEAM = 63AR2LU87T;
				GENERATE_INFOPLIST_FILE = YES;
				IPHONEOS_DEPLOYMENT_TARGET = 16.4;
				MARKETING_VERSION = 1.0;
				PRODUCT_BUNDLE_IDENTIFIER = np.com.sthahemant1st.DemoSwiftUITests;
				PRODUCT_NAME = "$(TARGET_NAME)";
				SWIFT_EMIT_LOC_STRINGS = NO;
				SWIFT_VERSION = 5.0;
				TARGETED_DEVICE_FAMILY = "1,2";
				TEST_HOST = "$(BUILT_PRODUCTS_DIR)/DemoSwiftUI.app/$(BUNDLE_EXECUTABLE_FOLDER_PATH)/DemoSwiftUI";
			};
			name = Debug;
		};
		414531D82AA78E34006CE364 /* Release */ = {
			isa = XCBuildConfiguration;
			buildSettings = {
				ALWAYS_EMBED_SWIFT_STANDARD_LIBRARIES = YES;
				BUNDLE_LOADER = "$(TEST_HOST)";
				CODE_SIGN_STYLE = Automatic;
				CURRENT_PROJECT_VERSION = 1;
				DEVELOPMENT_TEAM = 63AR2LU87T;
				GENERATE_INFOPLIST_FILE = YES;
				IPHONEOS_DEPLOYMENT_TARGET = 16.4;
				MARKETING_VERSION = 1.0;
				PRODUCT_BUNDLE_IDENTIFIER = np.com.sthahemant1st.DemoSwiftUITests;
				PRODUCT_NAME = "$(TARGET_NAME)";
				SWIFT_EMIT_LOC_STRINGS = NO;
				SWIFT_VERSION = 5.0;
				TARGETED_DEVICE_FAMILY = "1,2";
				TEST_HOST = "$(BUILT_PRODUCTS_DIR)/DemoSwiftUI.app/$(BUNDLE_EXECUTABLE_FOLDER_PATH)/DemoSwiftUI";
			};
			name = Release;
		};
		414531DA2AA78E34006CE364 /* Debug */ = {
			isa = XCBuildConfiguration;
			buildSettings = {
				ALWAYS_EMBED_SWIFT_STANDARD_LIBRARIES = YES;
				CODE_SIGN_STYLE = Automatic;
				CURRENT_PROJECT_VERSION = 1;
				DEVELOPMENT_TEAM = 63AR2LU87T;
				GENERATE_INFOPLIST_FILE = YES;
				MARKETING_VERSION = 1.0;
				PRODUCT_BUNDLE_IDENTIFIER = np.com.sthahemant1st.DemoSwiftUIUITests;
				PRODUCT_NAME = "$(TARGET_NAME)";
				SWIFT_EMIT_LOC_STRINGS = NO;
				SWIFT_VERSION = 5.0;
				TARGETED_DEVICE_FAMILY = "1,2";
				TEST_TARGET_NAME = DemoSwiftUI;
			};
			name = Debug;
		};
		414531DB2AA78E34006CE364 /* Release */ = {
			isa = XCBuildConfiguration;
			buildSettings = {
				ALWAYS_EMBED_SWIFT_STANDARD_LIBRARIES = YES;
				CODE_SIGN_STYLE = Automatic;
				CURRENT_PROJECT_VERSION = 1;
				DEVELOPMENT_TEAM = 63AR2LU87T;
				GENERATE_INFOPLIST_FILE = YES;
				MARKETING_VERSION = 1.0;
				PRODUCT_BUNDLE_IDENTIFIER = np.com.sthahemant1st.DemoSwiftUIUITests;
				PRODUCT_NAME = "$(TARGET_NAME)";
				SWIFT_EMIT_LOC_STRINGS = NO;
				SWIFT_VERSION = 5.0;
				TARGETED_DEVICE_FAMILY = "1,2";
				TEST_TARGET_NAME = DemoSwiftUI;
			};
			name = Release;
		};
/* End XCBuildConfiguration section */

/* Begin XCConfigurationList section */
		414531A52AA78E32006CE364 /* Build configuration list for PBXProject "DemoSwiftUI" */ = {
			isa = XCConfigurationList;
			buildConfigurations = (
				414531D12AA78E34006CE364 /* Debug */,
				414531D22AA78E34006CE364 /* Release */,
			);
			defaultConfigurationIsVisible = 0;
			defaultConfigurationName = Release;
		};
		414531D32AA78E34006CE364 /* Build configuration list for PBXNativeTarget "DemoSwiftUI" */ = {
			isa = XCConfigurationList;
			buildConfigurations = (
				414531D42AA78E34006CE364 /* Debug */,
				414531D52AA78E34006CE364 /* Release */,
			);
			defaultConfigurationIsVisible = 0;
			defaultConfigurationName = Release;
		};
		414531D62AA78E34006CE364 /* Build configuration list for PBXNativeTarget "DemoSwiftUITests" */ = {
			isa = XCConfigurationList;
			buildConfigurations = (
				414531D72AA78E34006CE364 /* Debug */,
				414531D82AA78E34006CE364 /* Release */,
			);
			defaultConfigurationIsVisible = 0;
			defaultConfigurationName = Release;
		};
		414531D92AA78E34006CE364 /* Build configuration list for PBXNativeTarget "DemoSwiftUIUITests" */ = {
			isa = XCConfigurationList;
			buildConfigurations = (
				414531DA2AA78E34006CE364 /* Debug */,
				414531DB2AA78E34006CE364 /* Release */,
			);
			defaultConfigurationIsVisible = 0;
			defaultConfigurationName = Release;
		};
/* End XCConfigurationList section */

/* Begin XCRemoteSwiftPackageReference section */
		414531FC2AA79703006CE364 /* XCRemoteSwiftPackageReference "URLQueryItemEncoder" */ = {
			isa = XCRemoteSwiftPackageReference;
			repositoryURL = "https://github.com/pitiphong-p/URLQueryItemEncoder";
			requirement = {
				kind = upToNextMajorVersion;
				minimumVersion = 0.2.4;
			};
		};
/* End XCRemoteSwiftPackageReference section */

/* Begin XCSwiftPackageProductDependency section */
		414531FD2AA79703006CE364 /* URLQueryItemEncoder */ = {
			isa = XCSwiftPackageProductDependency;
			package = 414531FC2AA79703006CE364 /* XCRemoteSwiftPackageReference "URLQueryItemEncoder" */;
			productName = URLQueryItemEncoder;
		};
/* End XCSwiftPackageProductDependency section */

/* Begin XCVersionGroup section */
		414531B82AA78E33006CE364 /* DemoSwiftUI.xcdatamodeld */ = {
			isa = XCVersionGroup;
			children = (
				414531B92AA78E33006CE364 /* DemoSwiftUI.xcdatamodel */,
			);
			currentVersion = 414531B92AA78E33006CE364 /* DemoSwiftUI.xcdatamodel */;
			path = DemoSwiftUI.xcdatamodeld;
			sourceTree = "<group>";
			versionGroupType = wrapper.xcdatamodel;
		};
/* End XCVersionGroup section */
	};
	rootObject = 414531A22AA78E32006CE364 /* Project object */;
}
